
Microsoft Visual Studio Solution File, Format Version 12.00
# Visual Studio Version 17
VisualStudioVersion = 17.3.32929.385
MinimumVisualStudioVersion = 10.0.40219.1
Project("{FAE04EC0-301F-11D3-BF4B-00C04F79EFBC}") = "Salon", "Salon\Salon.csproj", "{99BFBDDD-CCFF-440C-8AF5-D942E1772433}"
EndProject
Global
	GlobalSection(SolutionConfigurationPlatforms) = preSolution
		Debug|Any CPU = Debug|Any CPU
		Release|Any CPU = Release|Any CPU
	EndGlobalSection
	GlobalSection(ProjectConfigurationPlatforms) = postSolution
		{99BFBDDD-CCFF-440C-8AF5-D942E1772433}.Debug|Any CPU.ActiveCfg = Debug|Any CPU
		{99BFBDDD-CCFF-440C-8AF5-D942E1772433}.Debug|Any CPU.Build.0 = Debug|Any CPU
		{99BFBDDD-CCFF-440C-8AF5-D942E1772433}.Release|Any CPU.ActiveCfg = Release|Any CPU
		{99BFBDDD-CCFF-440C-8AF5-D942E1772433}.Release|Any CPU.Build.0 = Release|Any CPU
	EndGlobalSection
	GlobalSection(SolutionProperties) = preSolution
		HideSolutionNode = FALSE
	EndGlobalSection
	GlobalSection(ExtensibilityGlobals) = postSolution
		SolutionGuid = {255483C6-2F7E-4771-98A5-5F35C3FD6C5D}
	EndGlobalSection
EndGlobal
